
Microsoft Visual Studio Solution File, Format Version 12.00
# Visual Studio Version 17
VisualStudioVersion = 17.13.35919.96 d17.13
MinimumVisualStudioVersion = 10.0.40219.1
Project("{FAE04EC0-301F-11D3-BF4B-00C04F79EFBC}") = "ApiHavaDurumuProjesi", "ApiHavaDurumuProjesi\ApiHavaDurumuProjesi.csproj", "{AE8B7340-A01F-415F-91CF-234E4C08E76A}"
EndProject
Global
	GlobalSection(SolutionConfigurationPlatforms) = preSolution
		Debug|Any CPU = Debug|Any CPU
		Release|Any CPU = Release|Any CPU
	EndGlobalSection
	GlobalSection(ProjectConfigurationPlatforms) = postSolution
		{AE8B7340-A01F-415F-91CF-234E4C08E76A}.Debug|Any CPU.ActiveCfg = Debug|Any CPU
		{AE8B7340-A01F-415F-91CF-234E4C08E76A}.Debug|Any CPU.Build.0 = Debug|Any CPU
		{AE8B7340-A01F-415F-91CF-234E4C08E76A}.Release|Any CPU.ActiveCfg = Release|Any CPU
		{AE8B7340-A01F-415F-91CF-234E4C08E76A}.Release|Any CPU.Build.0 = Release|Any CPU
	EndGlobalSection
	GlobalSection(SolutionProperties) = preSolution
		HideSolutionNode = FALSE
	EndGlobalSection
	GlobalSection(ExtensibilityGlobals) = postSolution
		SolutionGuid = {03E017F1-A4E6-418B-8A2F-3B6B5DA9D5A6}
	EndGlobalSection
EndGlobal
